
Microsoft Visual Studio Solution File, Format Version 12.00
# Visual Studio 14
VisualStudioVersion = 14.0.23107.0
MinimumVisualStudioVersion = 10.0.40219.1
Project("{2150E333-8FDC-42A3-9474-1A3956D46DE8}") = "src", "src", "{E62BFB88-E92A-4E64-A394-9B1AD7652F40}"
EndProject
Project("{2150E333-8FDC-42A3-9474-1A3956D46DE8}") = "Solution Items", "Solution Items", "{961557E3-975E-4550-8741-C1E3ACF63015}"
	ProjectSection(SolutionItems) = preProject
		global.json = global.json
		NuGet.Config = NuGet.Config
	EndProjectSection
EndProject
Project("{8BB2217D-0F2D-49D1-97BC-3654ED321F3B}") = "RandomActs5", "src\RandomActs5\RandomActs5.xproj", "{5F248B05-F282-47DC-9A72-F81F21DBCEF1}"
EndProject
Global
	GlobalSection(SolutionConfigurationPlatforms) = preSolution
		Debug|Any CPU = Debug|Any CPU
		Release|Any CPU = Release|Any CPU
	EndGlobalSection
	GlobalSection(ProjectConfigurationPlatforms) = postSolution
		{5F248B05-F282-47DC-9A72-F81F21DBCEF1}.Debug|Any CPU.ActiveCfg = Debug|Any CPU
		{5F248B05-F282-47DC-9A72-F81F21DBCEF1}.Debug|Any CPU.Build.0 = Debug|Any CPU
		{5F248B05-F282-47DC-9A72-F81F21DBCEF1}.Release|Any CPU.ActiveCfg = Release|Any CPU
		{5F248B05-F282-47DC-9A72-F81F21DBCEF1}.Release|Any CPU.Build.0 = Release|Any CPU
	EndGlobalSection
	GlobalSection(SolutionProperties) = preSolution
		HideSolutionNode = FALSE
	EndGlobalSection
	GlobalSection(NestedProjects) = preSolution
		{5F248B05-F282-47DC-9A72-F81F21DBCEF1} = {E62BFB88-E92A-4E64-A394-9B1AD7652F40}
	EndGlobalSection
EndGlobal
